
Microsoft Visual Studio Solution File, Format Version 12.00
# Visual Studio 15
Project("{FAE04EC0-301F-11D3-BF4B-00C04F79EFBC}") = "VistaPeliculas.Android", "VistaPeliculas.Android\VistaPeliculas.Android.csproj", "{A1711CF7-0E74-4215-937F-7383EEAFA3E2}"
EndProject
Project("{FAE04EC0-301F-11D3-BF4B-00C04F79EFBC}") = "VistaPeliculas.iOS", "VistaPeliculas.iOS\VistaPeliculas.iOS.csproj", "{A8B67BD4-36CB-47FF-9CCF-6A7404B67FC0}"
EndProject
Project("{FAE04EC0-301F-11D3-BF4B-00C04F79EFBC}") = "VistaPeliculas", "VistaPeliculas\VistaPeliculas.csproj", "{D32A9D2F-A916-4F6B-A0EE-A5811821E0C1}"
EndProject
Global
	GlobalSection(SolutionConfigurationPlatforms) = preSolution
		Debug|Any CPU = Debug|Any CPU
		Release|Any CPU = Release|Any CPU
		Debug|iPhoneSimulator = Debug|iPhoneSimulator
		Release|iPhoneSimulator = Release|iPhoneSimulator
		Debug|iPhone = Debug|iPhone
		Release|iPhone = Release|iPhone
	EndGlobalSection
	GlobalSection(ProjectConfigurationPlatforms) = postSolution
		{A1711CF7-0E74-4215-937F-7383EEAFA3E2}.Debug|Any CPU.ActiveCfg = Debug|Any CPU
		{A1711CF7-0E74-4215-937F-7383EEAFA3E2}.Debug|Any CPU.Build.0 = Debug|Any CPU
		{A1711CF7-0E74-4215-937F-7383EEAFA3E2}.Release|Any CPU.ActiveCfg = Release|Any CPU
		{A1711CF7-0E74-4215-937F-7383EEAFA3E2}.Release|Any CPU.Build.0 = Release|Any CPU
		{A1711CF7-0E74-4215-937F-7383EEAFA3E2}.Debug|iPhoneSimulator.ActiveCfg = Debug|Any CPU
		{A1711CF7-0E74-4215-937F-7383EEAFA3E2}.Debug|iPhoneSimulator.Build.0 = Debug|Any CPU
		{A1711CF7-0E74-4215-937F-7383EEAFA3E2}.Release|iPhoneSimulator.ActiveCfg = Release|Any CPU
		{A1711CF7-0E74-4215-937F-7383EEAFA3E2}.Release|iPhoneSimulator.Build.0 = Release|Any CPU
		{A1711CF7-0E74-4215-937F-7383EEAFA3E2}.Debug|iPhone.ActiveCfg = Debug|Any CPU
		{A1711CF7-0E74-4215-937F-7383EEAFA3E2}.Debug|iPhone.Build.0 = Debug|Any CPU
		{A1711CF7-0E74-4215-937F-7383EEAFA3E2}.Release|iPhone.ActiveCfg = Release|Any CPU
		{A1711CF7-0E74-4215-937F-7383EEAFA3E2}.Release|iPhone.Build.0 = Release|Any CPU
		{A8B67BD4-36CB-47FF-9CCF-6A7404B67FC0}.Debug|Any CPU.ActiveCfg = Debug|iPhoneSimulator
		{A8B67BD4-36CB-47FF-9CCF-6A7404B67FC0}.Debug|Any CPU.Build.0 = Debug|iPhoneSimulator
		{A8B67BD4-36CB-47FF-9CCF-6A7404B67FC0}.Release|Any CPU.ActiveCfg = Release|iPhoneSimulator
		{A8B67BD4-36CB-47FF-9CCF-6A7404B67FC0}.Release|Any CPU.Build.0 = Release|iPhoneSimulator
		{A8B67BD4-36CB-47FF-9CCF-6A7404B67FC0}.Debug|iPhoneSimulator.ActiveCfg = Debug|iPhoneSimulator
		{A8B67BD4-36CB-47FF-9CCF-6A7404B67FC0}.Debug|iPhoneSimulator.Build.0 = Debug|iPhoneSimulator
		{A8B67BD4-36CB-47FF-9CCF-6A7404B67FC0}.Release|iPhoneSimulator.ActiveCfg = Release|iPhoneSimulator
		{A8B67BD4-36CB-47FF-9CCF-6A7404B67FC0}.Release|iPhoneSimulator.Build.0 = Release|iPhoneSimulator
		{A8B67BD4-36CB-47FF-9CCF-6A7404B67FC0}.Debug|iPhone.ActiveCfg = Debug|iPhone
		{A8B67BD4-36CB-47FF-9CCF-6A7404B67FC0}.Debug|iPhone.Build.0 = Debug|iPhone
		{A8B67BD4-36CB-47FF-9CCF-6A7404B67FC0}.Release|iPhone.ActiveCfg = Release|iPhone
		{A8B67BD4-36CB-47FF-9CCF-6A7404B67FC0}.Release|iPhone.Build.0 = Release|iPhone
		{D32A9D2F-A916-4F6B-A0EE-A5811821E0C1}.Debug|Any CPU.ActiveCfg = Debug|Any CPU
		{D32A9D2F-A916-4F6B-A0EE-A5811821E0C1}.Debug|Any CPU.Build.0 = Debug|Any CPU
		{D32A9D2F-A916-4F6B-A0EE-A5811821E0C1}.Release|Any CPU.ActiveCfg = Release|Any CPU
		{D32A9D2F-A916-4F6B-A0EE-A5811821E0C1}.Release|Any CPU.Build.0 = Release|Any CPU
		{D32A9D2F-A916-4F6B-A0EE-A5811821E0C1}.Debug|iPhoneSimulator.ActiveCfg = Debug|Any CPU
		{D32A9D2F-A916-4F6B-A0EE-A5811821E0C1}.Debug|iPhoneSimulator.Build.0 = Debug|Any CPU
		{D32A9D2F-A916-4F6B-A0EE-A5811821E0C1}.Release|iPhoneSimulator.ActiveCfg = Release|Any CPU
		{D32A9D2F-A916-4F6B-A0EE-A5811821E0C1}.Release|iPhoneSimulator.Build.0 = Release|Any CPU
		{D32A9D2F-A916-4F6B-A0EE-A5811821E0C1}.Debug|iPhone.ActiveCfg = Debug|Any CPU
		{D32A9D2F-A916-4F6B-A0EE-A5811821E0C1}.Debug|iPhone.Build.0 = Debug|Any CPU
		{D32A9D2F-A916-4F6B-A0EE-A5811821E0C1}.Release|iPhone.ActiveCfg = Release|Any CPU
		{D32A9D2F-A916-4F6B-A0EE-A5811821E0C1}.Release|iPhone.Build.0 = Release|Any CPU
	EndGlobalSection
EndGlobal
